
Microsoft Visual Studio Solution File, Format Version 12.00
# Visual Studio Version 16
VisualStudioVersion = 16.0.31729.503
MinimumVisualStudioVersion = 10.0.40219.1
Project("{FAE04EC0-301F-11D3-BF4B-00C04F79EFBC}") = "exo_personnes", "exo_personnes\exo_personnes.csproj", "{56B6EC38-E713-498F-A5B6-8D0986856259}"
EndProject
Global
	GlobalSection(SolutionConfigurationPlatforms) = preSolution
		Debug|Any CPU = Debug|Any CPU
		Release|Any CPU = Release|Any CPU
	EndGlobalSection
	GlobalSection(ProjectConfigurationPlatforms) = postSolution
		{56B6EC38-E713-498F-A5B6-8D0986856259}.Debug|Any CPU.ActiveCfg = Debug|Any CPU
		{56B6EC38-E713-498F-A5B6-8D0986856259}.Debug|Any CPU.Build.0 = Debug|Any CPU
		{56B6EC38-E713-498F-A5B6-8D0986856259}.Release|Any CPU.ActiveCfg = Release|Any CPU
		{56B6EC38-E713-498F-A5B6-8D0986856259}.Release|Any CPU.Build.0 = Release|Any CPU
	EndGlobalSection
	GlobalSection(SolutionProperties) = preSolution
		HideSolutionNode = FALSE
	EndGlobalSection
	GlobalSection(ExtensibilityGlobals) = postSolution
		SolutionGuid = {B6202084-3F93-455D-ADAB-4A89243D4864}
	EndGlobalSection
EndGlobal
